{
  "name": "javascript",
  "version": "1.0.0",
  "lockfileVersion": 3,
  "requires": true,
  "packages": {
    "": {
      "name": "javascript",
      "version": "1.0.0",
      "license": "ISC",
      "dependencies": {
        "dotenv": "^17.3.1",
        "polyline": "^0.2.0"
      }
    },
    "node_modules/dotenv": {
      "version": "17.3.1",
      "resolved": "https://registry.npmjs.org/dotenv/-/dotenv-17.3.1.tgz",
      "integrity": "sha512-IO8C/dzEb6O3F9/twg6ZLXz164a2fhTnEWb95H23Dm4OuN+92NmEAlTrupP9VW6Jm3sO26tQlqyvyi4CsnY9GA==",
      "license": "BSD-2-Clause",
      "engines": {
        "node": ">=12"
      },
      "funding": {
        "url": "https://dotenvx.com"
      }
    },
    "node_modules/polyline": {
      "version": "0.2.0",
      "resolved": "https://registry.npmjs.org/polyline/-/polyline-0.2.0.tgz",
      "integrity": "sha1-TytxbKgRNKbLqkiJddI27LHMKEA=",
      "deprecated": "This module is now under the @mapbox namespace: install @mapbox/polyline instead",
      "engines": {
        "node": "*"
      }
    }
  }
}
